
Microsoft Visual Studio Solution File, Format Version 12.00
# Visual Studio Version 17
VisualStudioVersion = 17.4.33205.214
MinimumVisualStudioVersion = 10.0.40219.1
Project("{FAE04EC0-301F-11D3-BF4B-00C04F79EFBC}") = "XmlComporator", "XmlComporator\XmlComporator.csproj", "{E8273B59-643F-466C-B7EF-AF77B3902AE7}"
EndProject
Global
	GlobalSection(SolutionConfigurationPlatforms) = preSolution
		Debug|Any CPU = Debug|Any CPU
		Release|Any CPU = Release|Any CPU
	EndGlobalSection
	GlobalSection(ProjectConfigurationPlatforms) = postSolution
		{E8273B59-643F-466C-B7EF-AF77B3902AE7}.Debug|Any CPU.ActiveCfg = Debug|Any CPU
		{E8273B59-643F-466C-B7EF-AF77B3902AE7}.Debug|Any CPU.Build.0 = Debug|Any CPU
		{E8273B59-643F-466C-B7EF-AF77B3902AE7}.Release|Any CPU.ActiveCfg = Release|Any CPU
		{E8273B59-643F-466C-B7EF-AF77B3902AE7}.Release|Any CPU.Build.0 = Release|Any CPU
	EndGlobalSection
	GlobalSection(SolutionProperties) = preSolution
		HideSolutionNode = FALSE
	EndGlobalSection
	GlobalSection(ExtensibilityGlobals) = postSolution
		SolutionGuid = {2A06145D-F91C-48B4-947D-9CF8BD4D90EC}
	EndGlobalSection
EndGlobal
